
Microsoft Visual Studio Solution File, Format Version 12.00
# Visual Studio 2012
VisualStudioVersion = 15.0.28307.572
MinimumVisualStudioVersion = 10.0.40219.1
Project("{FAE04EC0-301F-11D3-BF4B-00C04F79EFBC}") = "WpfPivotCustomizeFilterEditorExample", "WpfPivotCustomizeFilterEditorExample\WpfPivotCustomizeFilterEditorExample.csproj", "{4870B771-BB1B-434B-A677-2228E27CE6A0}"
EndProject
Global
	GlobalSection(SolutionConfigurationPlatforms) = preSolution
		Debug|Any CPU = Debug|Any CPU
		Release|Any CPU = Release|Any CPU
	EndGlobalSection
	GlobalSection(ProjectConfigurationPlatforms) = postSolution
		{4870B771-BB1B-434B-A677-2228E27CE6A0}.Debug|Any CPU.ActiveCfg = Debug|Any CPU
		{4870B771-BB1B-434B-A677-2228E27CE6A0}.Debug|Any CPU.Build.0 = Debug|Any CPU
		{4870B771-BB1B-434B-A677-2228E27CE6A0}.Release|Any CPU.ActiveCfg = Release|Any CPU
		{4870B771-BB1B-434B-A677-2228E27CE6A0}.Release|Any CPU.Build.0 = Release|Any CPU
	EndGlobalSection
	GlobalSection(SolutionProperties) = preSolution
		HideSolutionNode = FALSE
	EndGlobalSection
	GlobalSection(ExtensibilityGlobals) = postSolution
		SolutionGuid = {0099D33E-865E-4D08-8750-C257AA3E71B0}
	EndGlobalSection
EndGlobal
